github.com/fumiama/go-docx v0.0.0-20231116125324-b3e1a27db995 h1:G5rapMTjd1Vp6ihsJBpebwphbe9FsHfp1LEdDjtWtrk=
github.com/fumiama/go-docx v0.0.0-20231116125324-b3e1a27db995/go.mod h1:ssRF0IaB1hCcKIObp3FkZOsjTcAHpgii70JelNb4H8M=
github.com/fumiama/imgsz v0.0.2 h1:fAkC0FnIscdKOXwAxlyw3EUba5NzxZdSxGaq3Uyfxak=
github.com/fumiama/imgsz v0.0.2/go.mod h1:dR71mI3I2O5u6+PCpd47M9TZptzP+39tRBcbdIkoqM4=
github.com/golang/glog v0.0.0-20210429001901-424d2337a529 h1:2voWjNECnrZRbfwXxHB1/j8wa6xdKn85B5NzgVL/pTU=
github.com/golang/glog v0.0.0-20210429001901-424d2337a529/go.mod h1:SBH7ygxi8pfUlaOkMMuAQtPIUF8ecWP5IEl/CR7VP2Q=
github.com/gonfva/docxlib v0.0.0-20210517191039-d8f39cecf1ad h1:eW9Uqwzg3XdbuljlUSydDF9grQIlOXsjCVjmWCz+Wps=
github.com/gonfva/docxlib v0.0.0-20210517191039-d8f39cecf1ad/go.mod h1:PP43g0DZEMAA3U9VaLoO/buJL1bJoQ2fMLYEZ6RC0fA=
